
Microsoft Visual Studio Solution File, Format Version 12.00
# Visual Studio Version 16
VisualStudioVersion = 16.0.30503.244
MinimumVisualStudioVersion = 10.0.40219.1
Project("{8BC9CEB8-8B4A-11D0-8D11-00A0C91BC942}") = "11.10.2020-3", "11.10.2020-3\11.10.2020-3.vcxproj", "{CCE84888-ACBC-4A6A-9AF3-15036E0382CF}"
EndProject
Global
	GlobalSection(SolutionConfigurationPlatforms) = preSolution
		Debug|x64 = Debug|x64
		Debug|x86 = Debug|x86
		Release|x64 = Release|x64
		Release|x86 = Release|x86
	EndGlobalSection
	GlobalSection(ProjectConfigurationPlatforms) = postSolution
		{CCE84888-ACBC-4A6A-9AF3-15036E0382CF}.Debug|x64.ActiveCfg = Debug|x64
		{CCE84888-ACBC-4A6A-9AF3-15036E0382CF}.Debug|x64.Build.0 = Debug|x64
		{CCE84888-ACBC-4A6A-9AF3-15036E0382CF}.Debug|x86.ActiveCfg = Debug|Win32
		{CCE84888-ACBC-4A6A-9AF3-15036E0382CF}.Debug|x86.Build.0 = Debug|Win32
		{CCE84888-ACBC-4A6A-9AF3-15036E0382CF}.Release|x64.ActiveCfg = Release|x64
		{CCE84888-ACBC-4A6A-9AF3-15036E0382CF}.Release|x64.Build.0 = Release|x64
		{CCE84888-ACBC-4A6A-9AF3-15036E0382CF}.Release|x86.ActiveCfg = Release|Win32
		{CCE84888-ACBC-4A6A-9AF3-15036E0382CF}.Release|x86.Build.0 = Release|Win32
	EndGlobalSection
	GlobalSection(SolutionProperties) = preSolution
		HideSolutionNode = FALSE
	EndGlobalSection
	GlobalSection(ExtensibilityGlobals) = postSolution
		SolutionGuid = {63FDA17E-B948-4B37-8D85-17411183EDB0}
	EndGlobalSection
EndGlobal
